
Microsoft Visual Studio Solution File, Format Version 10.00
# Visual Studio 2008
Project("{FAE04EC0-301F-11D3-BF4B-00C04F79EFBC}") = "PLIN-API Example", "PLIN-API Example.csproj", "{3C7AE141-6F79-4744-912B-29198AEA8778}"
EndProject
Global
	GlobalSection(SolutionConfigurationPlatforms) = preSolution
		Debug|Any CPU = Debug|Any CPU
		Debug|x64 = Debug|x64
		Debug|x86 = Debug|x86
		Release|Any CPU = Release|Any CPU
		Release|x64 = Release|x64
		Release|x86 = Release|x86
	EndGlobalSection
	GlobalSection(ProjectConfigurationPlatforms) = postSolution
		{3C7AE141-6F79-4744-912B-29198AEA8778}.Debug|Any CPU.ActiveCfg = Debug|Any CPU
		{3C7AE141-6F79-4744-912B-29198AEA8778}.Debug|Any CPU.Build.0 = Debug|Any CPU
		{3C7AE141-6F79-4744-912B-29198AEA8778}.Debug|x64.ActiveCfg = Debug|x64
		{3C7AE141-6F79-4744-912B-29198AEA8778}.Debug|x64.Build.0 = Debug|x64
		{3C7AE141-6F79-4744-912B-29198AEA8778}.Debug|x86.ActiveCfg = Debug|x86
		{3C7AE141-6F79-4744-912B-29198AEA8778}.Debug|x86.Build.0 = Debug|x86
		{3C7AE141-6F79-4744-912B-29198AEA8778}.Release|Any CPU.ActiveCfg = Release|Any CPU
		{3C7AE141-6F79-4744-912B-29198AEA8778}.Release|Any CPU.Build.0 = Release|Any CPU
		{3C7AE141-6F79-4744-912B-29198AEA8778}.Release|x64.ActiveCfg = Release|x64
		{3C7AE141-6F79-4744-912B-29198AEA8778}.Release|x64.Build.0 = Release|x64
		{3C7AE141-6F79-4744-912B-29198AEA8778}.Release|x86.ActiveCfg = Release|Any CPU
		{3C7AE141-6F79-4744-912B-29198AEA8778}.Release|x86.Build.0 = Release|Any CPU
	EndGlobalSection
	GlobalSection(SolutionProperties) = preSolution
		HideSolutionNode = FALSE
	EndGlobalSection
EndGlobal
